
Microsoft Visual Studio Solution File, Format Version 12.00
# Visual Studio Version 16
VisualStudioVersion = 16.0.30611.23
MinimumVisualStudioVersion = 10.0.40219.1
Project("{888888A0-9F3D-457C-B088-3A5042F75D52}") = "py_linear_example", "py_linear_example.pyproj", "{54C8EFA2-DC42-43F7-9AF6-CD5D2E8BD738}"
EndProject
Global
	GlobalSection(SolutionConfigurationPlatforms) = preSolution
		Debug|Any CPU = Debug|Any CPU
		Release|Any CPU = Release|Any CPU
	EndGlobalSection
	GlobalSection(ProjectConfigurationPlatforms) = postSolution
		{54C8EFA2-DC42-43F7-9AF6-CD5D2E8BD738}.Debug|Any CPU.ActiveCfg = Debug|Any CPU
		{54C8EFA2-DC42-43F7-9AF6-CD5D2E8BD738}.Release|Any CPU.ActiveCfg = Release|Any CPU
	EndGlobalSection
	GlobalSection(SolutionProperties) = preSolution
		HideSolutionNode = FALSE
	EndGlobalSection
	GlobalSection(ExtensibilityGlobals) = postSolution
		SolutionGuid = {07C73122-5B6D-43C1-A6B7-9E8E85A70D3B}
	EndGlobalSection
EndGlobal
